lockfileVersion: '6.0'

settings:
  autoInstallPeers: true
  excludeLinksFromLockfile: false

dependencies:
  react:
    specifier: ^19.1.0
    version: 19.1.0
  react-dom:
    specifier: ^19.1.0
    version: 19.1.0(react@19.1.0)

devDependencies:
  '@rsbuild/core':
    specifier: ^1.3.1
    version: 1.3.21
  '@rsbuild/plugin-react':
    specifier: ^1.1.1
    version: 1.3.1(@rsbuild/core@1.3.21)
  '@types/react':
    specifier: ^19.1.0
    version: 19.1.5
  '@types/react-dom':
    specifier: ^19.1.1
    version: 19.1.5(@types/react@19.1.5)
  typescript:
    specifier: ^5.8.2
    version: 5.8.3

packages:

  /@module-federation/error-codes@0.13.1:
    resolution: {integrity: sha512-azgGDBnFRfqlivHOl96ZjlFUFlukESz2Rnnz/pINiSqoBBNjUE0fcAZP4X6jgrVITuEg90YkruZa7pW9I3m7Uw==}
    dev: true

  /@module-federation/runtime-core@0.13.1:
    resolution: {integrity: sha512-TfyKfkSAentKeuvSsAItk8s5tqQSMfIRTPN2e1aoaq/kFhE+7blps719csyWSX5Lg5Es7WXKMsXHy40UgtBtuw==}
    dependencies:
      '@module-federation/error-codes': 0.13.1
      '@module-federation/sdk': 0.13.1
    dev: true

  /@module-federation/runtime-tools@0.13.1:
    resolution: {integrity: sha512-GEF1pxqLc80osIMZmE8j9UKZSaTm2hX2lql8tgIH/O9yK4wnF06k6LL5Ah+wJt+oJv6Dj55ri/MoxMP4SXoPNA==}
    dependencies:
      '@module-federation/runtime': 0.13.1
      '@module-federation/webpack-bundler-runtime': 0.13.1
    dev: true

  /@module-federation/runtime@0.13.1:
    resolution: {integrity: sha512-ZHnYvBquDm49LiHfv6fgagMo/cVJneijNJzfPh6S0CJrPS2Tay1bnTXzy8VA5sdIrESagYPaskKMGIj7YfnPug==}
    dependencies:
      '@module-federation/error-codes': 0.13.1
      '@module-federation/runtime-core': 0.13.1
      '@module-federation/sdk': 0.13.1
    dev: true

  /@module-federation/sdk@0.13.1:
    resolution: {integrity: sha512-bmf2FGQ0ymZuxYnw9bIUfhV3y6zDhaqgydEjbl4msObKMLGXZqhse2pTIIxBFpIxR1oONKX/y2FAolDCTlWKiw==}
    dev: true

  /@module-federation/webpack-bundler-runtime@0.13.1:
    resolution: {integrity: sha512-QSuSIGa09S8mthbB1L6xERqrz+AzPlHR6D7RwAzssAc+IHf40U6NiTLPzUqp9mmKDhC5Tm0EISU0ZHNeJpnpBQ==}
    dependencies:
      '@module-federation/runtime': 0.13.1
      '@module-federation/sdk': 0.13.1
    dev: true

  /@rsbuild/core@1.3.21:
    resolution: {integrity: sha512-0Xy3CEFiLFXZpPmmVmX1XvfAENGrb5IyXYL7zkJ8vF7v3fmZgo3yy3ZeY8SesPTsiZIbCObJ6PemFbLee3S3oA==}
    engines: {node: '>=16.10.0'}
    hasBin: true
    dependencies:
      '@rspack/core': 1.3.11(@swc/helpers@0.5.17)
      '@rspack/lite-tapable': 1.0.1
      '@swc/helpers': 0.5.17
      core-js: 3.42.0
      jiti: 2.4.2
    dev: true

  /@rsbuild/plugin-react@1.3.1(@rsbuild/core@1.3.21):
    resolution: {integrity: sha512-1PfE0CZDwiSIUFaMFOEprwsHK6oo29zU6DdtFH2D49uLcpUdOUvU1u2p00RCVO1CIgnAjRajLS7dnPdQUwFOuQ==}
    peerDependencies:
      '@rsbuild/core': 1.x
    dependencies:
      '@rsbuild/core': 1.3.21
      '@rspack/plugin-react-refresh': 1.4.3(react-refresh@0.17.0)
      react-refresh: 0.17.0
    transitivePeerDependencies:
      - webpack-hot-middleware
    dev: true

  /@rspack/binding-darwin-arm64@1.3.11:
    resolution: {integrity: sha512-sGoFDXYNinubhEiPSjtA/ua3qhMj6VVBPTSDvprZj+MT18YV7tQQtwBpm+8sbqJ1P5y+a3mzsP3IphRWyIQyXw==}
    cpu: [arm64]
    os: [darwin]
    requiresBuild: true
    dev: true
    optional: true

  /@rspack/binding-darwin-x64@1.3.11:
    resolution: {integrity: sha512-4zgOkCLxhp4Ki98GuDaZgz4exXcE4+sgvXY/xA/A5FGPVRbfQLQ5psSOk0F/gvMua1r15E66loQRJpuzUK6bTA==}
    cpu: [x64]
    os: [darwin]
    requiresBuild: true
    dev: true
    optional: true

  /@rspack/binding-linux-arm64-gnu@1.3.11:
    resolution: {integrity: sha512-NIOaIfYUmJs1XL4lbGVtcMm1KlA/6ZR6oAbs2ekofKXtJYAFQgnLTf7ZFmIwVjS0mP78BmeSNcIM6pd2w5id4w==}
    cpu: [arm64]
    os: [linux]
    libc: [glibc]
    requiresBuild: true
    dev: true
    optional: true

  /@rspack/binding-linux-arm64-musl@1.3.11:
    resolution: {integrity: sha512-CRRAQ379uzA2QfD9HHNtxuuqzGksUapMVcTLY5NIXWfvHLUJShdlSJQv3UQcqgAJNrMY7Ex1PnoQs1jZgUiqZA==}
    cpu: [arm64]
    os: [linux]
    libc: [musl]
    requiresBuild: true
    dev: true
    optional: true

  /@rspack/binding-linux-x64-gnu@1.3.11:
    resolution: {integrity: sha512-k3OyvLneX2ZeL8z/OzPojpImqy6PgqKJD+NtOvcr/TgbgADHZ3xQttf6B2X+qnZMAgOZ+RTeTkOFrvsg9AEKmA==}
    cpu: [x64]
    os: [linux]
    libc: [glibc]
    requiresBuild: true
    dev: true
    optional: true

  /@rspack/binding-linux-x64-musl@1.3.11:
    resolution: {integrity: sha512-2agcELyyQ95jWGCW0YWD0TvAcN40yUjmxn9NXQBLHPX5Eb07NaHXairMsvV9vqQsPsq0nxxfd9Wsow18Y5r/Hw==}
    cpu: [x64]
    os: [linux]
    libc: [musl]
    requiresBuild: true
    dev: true
    optional: true

  /@rspack/binding-win32-arm64-msvc@1.3.11:
    resolution: {integrity: sha512-sjGoChazu0krigT/LVwGUsgCv3D3s/4cR/3P4VzuDNVlb4pbh1CDa642Fr0TceqAXCeKW5GiL/EQOfZ4semtcQ==}
    cpu: [arm64]
    os: [win32]
    requiresBuild: true
    dev: true
    optional: true

  /@rspack/binding-win32-ia32-msvc@1.3.11:
    resolution: {integrity: sha512-tjywW84oQLSqRmvQZ+fXP7e3eNmjScYrlWEPAQFjf08N19iAJ9UOGuuFw8Fk5ZmrlNZ2Qo9ASSOI7Nnwx2aZYg==}
    cpu: [ia32]
    os: [win32]
    requiresBuild: true
    dev: true
    optional: true

  /@rspack/binding-win32-x64-msvc@1.3.11:
    resolution: {integrity: sha512-pPy3yU6SAMfEPY7ki1KAetiDFfRbkYMiX3F89P9kX01UAePkLRNsjacHF4w7N3EsBsWn1FlGaYZdlzmOI5pg2Q==}
    cpu: [x64]
    os: [win32]
    requiresBuild: true
    dev: true
    optional: true

  /@rspack/binding@1.3.11:
    resolution: {integrity: sha512-BbMfZHqfH+CzFtZDg+v9nbKifJIJDUPD6KuoWlHq581koKvD3UMx6oVrj9w13JvO2xWNPeHclmqWAFgoD7faEQ==}
    optionalDependencies:
      '@rspack/binding-darwin-arm64': 1.3.11
      '@rspack/binding-darwin-x64': 1.3.11
      '@rspack/binding-linux-arm64-gnu': 1.3.11
      '@rspack/binding-linux-arm64-musl': 1.3.11
      '@rspack/binding-linux-x64-gnu': 1.3.11
      '@rspack/binding-linux-x64-musl': 1.3.11
      '@rspack/binding-win32-arm64-msvc': 1.3.11
      '@rspack/binding-win32-ia32-msvc': 1.3.11
      '@rspack/binding-win32-x64-msvc': 1.3.11
    dev: true

  /@rspack/core@1.3.11(@swc/helpers@0.5.17):
    resolution: {integrity: sha512-aSYPtT1gum5MCfcFANdTroJ4JwzozuL3wX0twMGNAB7amq6+nZrbsUKWjcHgneCeZdahxzrKdyYef3FHaJ7lEA==}
    engines: {node: '>=16.0.0'}
    peerDependencies:
      '@swc/helpers': '>=0.5.1'
    peerDependenciesMeta:
      '@swc/helpers':
        optional: true
    dependencies:
      '@module-federation/runtime-tools': 0.13.1
      '@rspack/binding': 1.3.11
      '@rspack/lite-tapable': 1.0.1
      '@swc/helpers': 0.5.17
      caniuse-lite: 1.0.30001718
    dev: true

  /@rspack/lite-tapable@1.0.1:
    resolution: {integrity: sha512-VynGOEsVw2s8TAlLf/uESfrgfrq2+rcXB1muPJYBWbsm1Oa6r5qVQhjA5ggM6z/coYPrsVMgovl3Ff7Q7OCp1w==}
    engines: {node: '>=16.0.0'}
    dev: true

  /@rspack/plugin-react-refresh@1.4.3(react-refresh@0.17.0):
    resolution: {integrity: sha512-wZx4vWgy5oMEvgyNGd/oUKcdnKaccYWHCRkOqTdAPJC3WcytxhTX+Kady8ERurSBiLyQpoMiU3Iyd+F1Y2Arbw==}
    peerDependencies:
      react-refresh: '>=0.10.0 <1.0.0'
      webpack-hot-middleware: 2.x
    peerDependenciesMeta:
      webpack-hot-middleware:
        optional: true
    dependencies:
      error-stack-parser: 2.1.4
      html-entities: 2.6.0
      react-refresh: 0.17.0
    dev: true

  /@swc/helpers@0.5.17:
    resolution: {integrity: sha512-5IKx/Y13RsYd+sauPb2x+U/xZikHjolzfuDgTAl/Tdf3Q8rslRvC19NKDLgAJQ6wsqADk10ntlv08nPFw/gO/A==}
    dependencies:
      tslib: 2.8.1
    dev: true

  /@types/react-dom@19.1.5(@types/react@19.1.5):
    resolution: {integrity: sha512-CMCjrWucUBZvohgZxkjd6S9h0nZxXjzus6yDfUb+xLxYM7VvjKNH1tQrE9GWLql1XoOP4/Ds3bwFqShHUYraGg==}
    peerDependencies:
      '@types/react': ^19.0.0
    dependencies:
      '@types/react': 19.1.5
    dev: true

  /@types/react@19.1.5:
    resolution: {integrity: sha512-piErsCVVbpMMT2r7wbawdZsq4xMvIAhQuac2gedQHysu1TZYEigE6pnFfgZT+/jQnrRuF5r+SHzuehFjfRjr4g==}
    dependencies:
      csstype: 3.1.3
    dev: true

  /caniuse-lite@1.0.30001718:
    resolution: {integrity: sha512-AflseV1ahcSunK53NfEs9gFWgOEmzr0f+kaMFA4xiLZlr9Hzt7HxcSpIFcnNCUkz6R6dWKa54rUz3HUmI3nVcw==}
    dev: true

  /core-js@3.42.0:
    resolution: {integrity: sha512-Sz4PP4ZA+Rq4II21qkNqOEDTDrCvcANId3xpIgB34NDkWc3UduWj2dqEtN9yZIq8Dk3HyPI33x9sqqU5C8sr0g==}
    requiresBuild: true
    dev: true

  /csstype@3.1.3:
    resolution: {integrity: sha512-M1uQkMl8rQK/szD0LNhtqxIPLpimGm8sOBwU7lLnCpSbTyY3yeU1Vc7l4KT5zT4s/yOxHH5O7tIuuLOCnLADRw==}
    dev: true

  /error-stack-parser@2.1.4:
    resolution: {integrity: sha512-Sk5V6wVazPhq5MhpO+AUxJn5x7XSXGl1R93Vn7i+zS15KDVxQijejNCrz8340/2bgLBjR9GtEG8ZVKONDjcqGQ==}
    dependencies:
      stackframe: 1.3.4
    dev: true

  /html-entities@2.6.0:
    resolution: {integrity: sha512-kig+rMn/QOVRvr7c86gQ8lWXq+Hkv6CbAH1hLu+RG338StTpE8Z0b44SDVaqVu7HGKf27frdmUYEs9hTUX/cLQ==}
    dev: true

  /jiti@2.4.2:
    resolution: {integrity: sha512-rg9zJN+G4n2nfJl5MW3BMygZX56zKPNVEYYqq7adpmMh4Jn2QNEwhvQlFy6jPVdcod7txZtKHWnyZiA3a0zP7A==}
    hasBin: true
    dev: true

  /react-dom@19.1.0(react@19.1.0):
    resolution: {integrity: sha512-Xs1hdnE+DyKgeHJeJznQmYMIBG3TKIHJJT95Q58nHLSrElKlGQqDTR2HQ9fx5CN/Gk6Vh/kupBTDLU11/nDk/g==}
    peerDependencies:
      react: ^19.1.0
    dependencies:
      react: 19.1.0
      scheduler: 0.26.0
    dev: false

  /react-refresh@0.17.0:
    resolution: {integrity: sha512-z6F7K9bV85EfseRCp2bzrpyQ0Gkw1uLoCel9XBVWPg/TjRj94SkJzUTGfOa4bs7iJvBWtQG0Wq7wnI0syw3EBQ==}
    engines: {node: '>=0.10.0'}
    dev: true

  /react@19.1.0:
    resolution: {integrity: sha512-FS+XFBNvn3GTAWq26joslQgWNoFu08F4kl0J4CgdNKADkdSGXQyTCnKteIAJy96Br6YbpEU1LSzV5dYtjMkMDg==}
    engines: {node: '>=0.10.0'}
    dev: false

  /scheduler@0.26.0:
    resolution: {integrity: sha512-NlHwttCI/l5gCPR3D1nNXtWABUmBwvZpEQiD4IXSbIDq8BzLIK/7Ir5gTFSGZDUu37K5cMNp0hFtzO38sC7gWA==}
    dev: false

  /stackframe@1.3.4:
    resolution: {integrity: sha512-oeVtt7eWQS+Na6F//S4kJ2K2VbRlS9D43mAlMyVpVWovy9o+jfgH8O9agzANzaiLjclA0oYzUXEM4PurhSUChw==}
    dev: true

  /tslib@2.8.1:
    resolution: {integrity: sha512-oJFu94HQb+KVduSUQL7wnpmqnfmLsOA/nAh6b6EH0wCEoK0/mPeXU6c3wKDV83MkOuHPRHtSXKKU99IBazS/2w==}
    dev: true

  /typescript@5.8.3:
    resolution: {integrity: sha512-p1diW6TqL9L07nNxvRMM7hMMw4c5XOo/1ibL4aAIGmSAt9slTE1Xgw5KWuof2uTOvCg9BY7ZRi+GaF+7sfgPeQ==}
    engines: {node: '>=14.17'}
    hasBin: true
    dev: true
